// !$*UTF8*$!
{
	archiveVersion = 1;
	classes = {
	};
	objectVersion = 46;
	objects = {

/* Begin PBXBuildFile section */
		D862623B1F49D4C100B2C7CC /* AppDelegate.swift in Sources */ = {isa = PBXBuildFile; fileRef = D862623A1F49D4C100B2C7CC /* AppDelegate.swift */; };
		D862623D1F49D4C100B2C7CC /* ViewController.swift in Sources */ = {isa = PBXBuildFile; fileRef = D862623C1F49D4C100B2C7CC /* ViewController.swift */; };
		D86262401F49D4C100B2C7CC /* Main.storyboard in Resources */ = {isa = PBXBuildFile; fileRef = D862623E1F49D4C100B2C7CC /* Main.storyboard */; };
		D86262421F49D4C100B2C7CC /* Assets.xcassets in Resources */ = {isa = PBXBuildFile; fileRef = D86262411F49D4C100B2C7CC /* Assets.xcassets */; };
		D86262451F49D4C100B2C7CC /* LaunchScreen.storyboard in Resources */ = {isa = PBXBuildFile; fileRef = D86262431F49D4C100B2C7CC /* LaunchScreen.storyboard */; };
		D86262501F49D4C100B2C7CC /* ImageTestTests.swift in Sources */ = {isa = PBXBuildFile; fileRef = D862624F1F49D4C100B2C7CC /* ImageTestTests.swift */; };
		D862625B1F49D4C100B2C7CC /* ImageTestUITests.swift in Sources */ = {isa = PBXBuildFile; fileRef = D862625A1F49D4C100B2C7CC /* ImageTestUITests.swift */; };
		D86262691F49E43A00B2C7CC /* 20080416163329916.png in Resources */ = {isa = PBXBuildFile; fileRef = D86262681F49E43A00B2C7CC /* 20080416163329916.png */; };
		D862626B1F49EB5000B2C7CC /* 737c2fe45cd0e2a1afbee54daef39895.png in Resources */ = {isa = PBXBuildFile; fileRef = D862626A1F49EB5000B2C7CC /* 737c2fe45cd0e2a1afbee54daef39895.png */; };
		D862626D1F4B3A7100B2C7CC /* TargetViewController.swift in Sources */ = {isa = PBXBuildFile; fileRef = D862626C1F4B3A7100B2C7CC /* TargetViewController.swift */; };
		D862626F1F4B3B8000B2C7CC /* BlowUpAnimator.swift in Sources */ = {isa = PBXBuildFile; fileRef = D862626E1F4B3B8000B2C7CC /* BlowUpAnimator.swift */; };
		E441277D1F4C3A570096C0A9 /* ReduceAnimator.swift in Sources */ = {isa = PBXBuildFile; fileRef = E441277C1F4C3A570096C0A9 /* ReduceAnimator.swift */; };
		E441277F1F4D6F300096C0A9 /* TestCollectionViewCell.swift in Sources */ = {isa = PBXBuildFile; fileRef = E441277E1F4D6F300096C0A9 /* TestCollectionViewCell.swift */; };
/* End PBXBuildFile section */

/* Begin PBXContainerItemProxy section */
		D862624C1F49D4C100B2C7CC /* PBXContainerItemProxy */ = {
			isa = PBXContainerItemProxy;
			containerPortal = D862622F1F49D4C100B2C7CC /* Project object */;
			proxyType = 1;
			remoteGlobalIDString = D86262361F49D4C100B2C7CC;
			remoteInfo = ImageTest;
		};
		D86262571F49D4C100B2C7CC /* PBXContainerItemProxy */ = {
			isa = PBXContainerItemProxy;
			containerPortal = D862622F1F49D4C100B2C7CC /* Project object */;
			proxyType = 1;
			remoteGlobalIDString = D86262361F49D4C100B2C7CC;
			remoteInfo = ImageTest;
		};
/* End PBXContainerItemProxy section */

/* Begin PBXFileReference section */
		D86262371F49D4C100B2C7CC /* ImageTest.app */ = {isa = PBXFileReference; explicitFileType = wrapper.application; includeInIndex = 0; path = ImageTest.app; sourceTree = BUILT_PRODUCTS_DIR; };
		D862623A1F49D4C100B2C7CC /* AppDelegate.swift */ = {isa = PBXFileReference; lastKnownFileType = sourcecode.swift; path = AppDelegate.swift; sourceTree = "<group>"; };
		D862623C1F49D4C100B2C7CC /* ViewController.swift */ = {isa = PBXFileReference; lastKnownFileType = sourcecode.swift; path = ViewController.swift; sourceTree = "<group>"; };
		D862623F1F49D4C100B2C7CC /* Base */ = {isa = PBXFileReference; lastKnownFileType = file.storyboard; name = Base; path = Base.lproj/Main.storyboard; sourceTree = "<group>"; };
		D86262411F49D4C100B2C7CC /* Assets.xcassets */ = {isa = PBXFileReference; lastKnownFileType = folder.assetcatalog; path = Assets.xcassets; sourceTree = "<group>"; };
		D86262441F49D4C100B2C7CC /* Base */ = {isa = PBXFileReference; lastKnownFileType = file.storyboard; name = Base; path = Base.lproj/LaunchScreen.storyboard; sourceTree = "<group>"; };
		D86262461F49D4C100B2C7CC /* Info.plist */ = {isa = PBXFileReference; lastKnownFileType = text.plist.xml; path = Info.plist; sourceTree = "<group>"; };
		D862624B1F49D4C100B2C7CC /* ImageTestTests.xctest */ = {isa = PBXFileReference; explicitFileType = wrapper.cfbundle; includeInIndex = 0; path = ImageTestTests.xctest; sourceTree = BUILT_PRODUCTS_DIR; };
		D862624F1F49D4C100B2C7CC /* ImageTestTests.swift */ = {isa = PBXFileReference; lastKnownFileType = sourcecode.swift; path = ImageTestTests.swift; sourceTree = "<group>"; };
		D86262511F49D4C100B2C7CC /* Info.plist */ = {isa = PBXFileReference; lastKnownFileType = text.plist.xml; path = Info.plist; sourceTree = "<group>"; };
		D86262561F49D4C100B2C7CC /* ImageTestUITests.xctest */ = {isa = PBXFileReference; explicitFileType = wrapper.cfbundle; includeInIndex = 0; path = ImageTestUITests.xctest; sourceTree = BUILT_PRODUCTS_DIR; };
		D862625A1F49D4C100B2C7CC /* ImageTestUITests.swift */ = {isa = PBXFileReference; lastKnownFileType = sourcecode.swift; path = ImageTestUITests.swift; sourceTree = "<group>"; };
		D862625C1F49D4C100B2C7CC /* Info.plist */ = {isa = PBXFileReference; lastKnownFileType = text.plist.xml; path = Info.plist; sourceTree = "<group>"; };
		D86262681F49E43A00B2C7CC /* 20080416163329916.png */ = {isa = PBXFileReference; lastKnownFileType = image.png; path = 20080416163329916.png; sourceTree = "<group>"; };
		D862626A1F49EB5000B2C7CC /* 737c2fe45cd0e2a1afbee54daef39895.png */ = {isa = PBXFileReference; lastKnownFileType = image.png; path = 737c2fe45cd0e2a1afbee54daef39895.png; sourceTree = "<group>"; };
		D862626C1F4B3A7100B2C7CC /* TargetViewController.swift */ = {isa = PBXFileReference; fileEncoding = 4; lastKnownFileType = sourcecode.swift; path = TargetViewController.swift; sourceTree = "<group>"; };
		D862626E1F4B3B8000B2C7CC /* BlowUpAnimator.swift */ = {isa = PBXFileReference; fileEncoding = 4; lastKnownFileType = sourcecode.swift; path = BlowUpAnimator.swift; sourceTree = "<group>"; };
		E441277C1F4C3A570096C0A9 /* ReduceAnimator.swift */ = {isa = PBXFileReference; lastKnownFileType = sourcecode.swift; path = ReduceAnimator.swift; sourceTree = "<group>"; };
		E441277E1F4D6F300096C0A9 /* TestCollectionViewCell.swift */ = {isa = PBXFileReference; lastKnownFileType = sourcecode.swift; path = TestCollectionViewCell.swift; sourceTree = "<group>"; };
/* End PBXFileReference section */

/* Begin PBXFrameworksBuildPhase section */
		D86262341F49D4C100B2C7CC /* Frameworks */ = {
			isa = PBXFrameworksBuildPhase;
			buildActionMask = 2147483647;
			files = (
			);
			runOnlyForDeploymentPostprocessing = 0;
		};
		D86262481F49D4C100B2C7CC /* Frameworks */ = {
			isa = PBXFrameworksBuildPhase;
			buildActionMask = 2147483647;
			files = (
			);
			runOnlyForDeploymentPostprocessing = 0;
		};
		D86262531F49D4C100B2C7CC /* Frameworks */ = {
			isa = PBXFrameworksBuildPhase;
			buildActionMask = 2147483647;
			files = (
			);
			runOnlyForDeploymentPostprocessing = 0;
		};
/* End PBXFrameworksBuildPhase section */

/* Begin PBXGroup section */
		D862622E1F49D4C100B2C7CC = {
			isa = PBXGroup;
			children = (
				D86262391F49D4C100B2C7CC /* ImageTest */,
				D862624E1F49D4C100B2C7CC /* ImageTestTests */,
				D86262591F49D4C100B2C7CC /* ImageTestUITests */,
				D86262381F49D4C100B2C7CC /* Products */,
			);
			sourceTree = "<group>";
		};
		D86262381F49D4C100B2C7CC /* Products */ = {
			isa = PBXGroup;
			children = (
				D86262371F49D4C100B2C7CC /* ImageTest.app */,
				D862624B1F49D4C100B2C7CC /* ImageTestTests.xctest */,
				D86262561F49D4C100B2C7CC /* ImageTestUITests.xctest */,
			);
			name = Products;
			sourceTree = "<group>";
		};
		D86262391F49D4C100B2C7CC /* ImageTest */ = {
			isa = PBXGroup;
			children = (
				D86262681F49E43A00B2C7CC /* 20080416163329916.png */,
				D862626A1F49EB5000B2C7CC /* 737c2fe45cd0e2a1afbee54daef39895.png */,
				D862623A1F49D4C100B2C7CC /* AppDelegate.swift */,
				D862623C1F49D4C100B2C7CC /* ViewController.swift */,
				E441277E1F4D6F300096C0A9 /* TestCollectionViewCell.swift */,
				D862626E1F4B3B8000B2C7CC /* BlowUpAnimator.swift */,
				E441277C1F4C3A570096C0A9 /* ReduceAnimator.swift */,
				D862626C1F4B3A7100B2C7CC /* TargetViewController.swift */,
				D862623E1F49D4C100B2C7CC /* Main.storyboard */,
				D86262411F49D4C100B2C7CC /* Assets.xcassets */,
				D86262431F49D4C100B2C7CC /* LaunchScreen.storyboard */,
				D86262461F49D4C100B2C7CC /* Info.plist */,
			);
			path = ImageTest;
			sourceTree = "<group>";
		};
		D862624E1F49D4C100B2C7CC /* ImageTestTests */ = {
			isa = PBXGroup;
			children = (
				D862624F1F49D4C100B2C7CC /* ImageTestTests.swift */,
				D86262511F49D4C100B2C7CC /* Info.plist */,
			);
			path = ImageTestTests;
			sourceTree = "<group>";
		};
		D86262591F49D4C100B2C7CC /* ImageTestUITests */ = {
			isa = PBXGroup;
			children = (
				D862625A1F49D4C100B2C7CC /* ImageTestUITests.swift */,
				D862625C1F49D4C100B2C7CC /* Info.plist */,
			);
			path = ImageTestUITests;
			sourceTree = "<group>";
		};
/* End PBXGroup section */

/* Begin PBXNativeTarget section */
		D86262361F49D4C100B2C7CC /* ImageTest */ = {
			isa = PBXNativeTarget;
			buildConfigurationList = D862625F1F49D4C100B2C7CC /* Build configuration list for PBXNativeTarget "ImageTest" */;
			buildPhases = (
				D86262331F49D4C100B2C7CC /* Sources */,
				D86262341F49D4C100B2C7CC /* Frameworks */,
				D86262351F49D4C100B2C7CC /* Resources */,
			);
			buildRules = (
			);
			dependencies = (
			);
			name = ImageTest;
			productName = ImageTest;
			productReference = D86262371F49D4C100B2C7CC /* ImageTest.app */;
			productType = "com.apple.product-type.application";
		};
		D862624A1F49D4C100B2C7CC /* ImageTestTests */ = {
			isa = PBXNativeTarget;
			buildConfigurationList = D86262621F49D4C100B2C7CC /* Build configuration list for PBXNativeTarget "ImageTestTests" */;
			buildPhases = (
				D86262471F49D4C100B2C7CC /* Sources */,
				D86262481F49D4C100B2C7CC /* Frameworks */,
				D86262491F49D4C100B2C7CC /* Resources */,
			);
			buildRules = (
			);
			dependencies = (
				D862624D1F49D4C100B2C7CC /* PBXTargetDependency */,
			);
			name = ImageTestTests;
			productName = ImageTestTests;
			productReference = D862624B1F49D4C100B2C7CC /* ImageTestTests.xctest */;
			productType = "com.apple.product-type.bundle.unit-test";
		};
		D86262551F49D4C100B2C7CC /* ImageTestUITests */ = {
			isa = PBXNativeTarget;
			buildConfigurationList = D86262651F49D4C100B2C7CC /* Build configuration list for PBXNativeTarget "ImageTestUITests" */;
			buildPhases = (
				D86262521F49D4C100B2C7CC /* Sources */,
				D86262531F49D4C100B2C7CC /* Frameworks */,
				D86262541F49D4C100B2C7CC /* Resources */,
			);
			buildRules = (
			);
			dependencies = (
				D86262581F49D4C100B2C7CC /* PBXTargetDependency */,
			);
			name = ImageTestUITests;
			productName = ImageTestUITests;
			productReference = D86262561F49D4C100B2C7CC /* ImageTestUITests.xctest */;
			productType = "com.apple.product-type.bundle.ui-testing";
		};
/* End PBXNativeTarget section */

/* Begin PBXProject section */
		D862622F1F49D4C100B2C7CC /* Project object */ = {
			isa = PBXProject;
			attributes = {
				LastSwiftUpdateCheck = 0810;
				LastUpgradeCheck = 0810;
				ORGANIZATIONNAME = "Yiyi Liu";
				TargetAttributes = {
					D86262361F49D4C100B2C7CC = {
						CreatedOnToolsVersion = 8.1;
						ProvisioningStyle = Automatic;
					};
					D862624A1F49D4C100B2C7CC = {
						CreatedOnToolsVersion = 8.1;
						ProvisioningStyle = Automatic;
						TestTargetID = D86262361F49D4C100B2C7CC;
					};
					D86262551F49D4C100B2C7CC = {
						CreatedOnToolsVersion = 8.1;
						ProvisioningStyle = Automatic;
						TestTargetID = D86262361F49D4C100B2C7CC;
					};
				};
			};
			buildConfigurationList = D86262321F49D4C100B2C7CC /* Build configuration list for PBXProject "ImageTest" */;
			compatibilityVersion = "Xcode 3.2";
			developmentRegion = English;
			hasScannedForEncodings = 0;
			knownRegions = (
				en,
				Base,
			);
			mainGroup = D862622E1F49D4C100B2C7CC;
			productRefGroup = D86262381F49D4C100B2C7CC /* Products */;
			projectDirPath = "";
			projectRoot = "";
			targets = (
				D86262361F49D4C100B2C7CC /* ImageTest */,
				D862624A1F49D4C100B2C7CC /* ImageTestTests */,
				D86262551F49D4C100B2C7CC /* ImageTestUITests */,
			);
		};
/* End PBXProject section */

/* Begin PBXResourcesBuildPhase section */
		D86262351F49D4C100B2C7CC /* Resources */ = {
			isa = PBXResourcesBuildPhase;
			buildActionMask = 2147483647;
			files = (
				D862626B1F49EB5000B2C7CC /* 737c2fe45cd0e2a1afbee54daef39895.png in Resources */,
				D86262451F49D4C100B2C7CC /* LaunchScreen.storyboard in Resources */,
				D86262691F49E43A00B2C7CC /* 20080416163329916.png in Resources */,
				D86262421F49D4C100B2C7CC /* Assets.xcassets in Resources */,
				D86262401F49D4C100B2C7CC /* Main.storyboard in Resources */,
			);
			runOnlyForDeploymentPostprocessing = 0;
		};
		D86262491F49D4C100B2C7CC /* Resources */ = {
			isa = PBXResourcesBuildPhase;
			buildActionMask = 2147483647;
			files = (
			);
			runOnlyForDeploymentPostprocessing = 0;
		};
		D86262541F49D4C100B2C7CC /* Resources */ = {
			isa = PBXResourcesBuildPhase;
			buildActionMask = 2147483647;
			files = (
			);
			runOnlyForDeploymentPostprocessing = 0;
		};
/* End PBXResourcesBuildPhase section */

/* Begin PBXSourcesBuildPhase section */
		D86262331F49D4C100B2C7CC /* Sources */ = {
			isa = PBXSourcesBuildPhase;
			buildActionMask = 2147483647;
			files = (
				E441277F1F4D6F300096C0A9 /* TestCollectionViewCell.swift in Sources */,
				D862623D1F49D4C100B2C7CC /* ViewController.swift in Sources */,
				E441277D1F4C3A570096C0A9 /* ReduceAnimator.swift in Sources */,
				D862626D1F4B3A7100B2C7CC /* TargetViewController.swift in Sources */,
				D862623B1F49D4C100B2C7CC /* AppDelegate.swift in Sources */,
				D862626F1F4B3B8000B2C7CC /* BlowUpAnimator.swift in Sources */,
			);
			runOnlyForDeploymentPostprocessing = 0;
		};
		D86262471F49D4C100B2C7CC /* Sources */ = {
			isa = PBXSourcesBuildPhase;
			buildActionMask = 2147483647;
			files = (
				D86262501F49D4C100B2C7CC /* ImageTestTests.swift in Sources */,
			);
			runOnlyForDeploymentPostprocessing = 0;
		};
		D86262521F49D4C100B2C7CC /* Sources */ = {
			isa = PBXSourcesBuildPhase;
			buildActionMask = 2147483647;
			files = (
				D862625B1F49D4C100B2C7CC /* ImageTestUITests.swift in Sources */,
			);
			runOnlyForDeploymentPostprocessing = 0;
		};
/* End PBXSourcesBuildPhase section */

/* Begin PBXTargetDependency section */
		D862624D1F49D4C100B2C7CC /* PBXTargetDependency */ = {
			isa = PBXTargetDependency;
			target = D86262361F49D4C100B2C7CC /* ImageTest */;
			targetProxy = D862624C1F49D4C100B2C7CC /* PBXContainerItemProxy */;
		};
		D86262581F49D4C100B2C7CC /* PBXTargetDependency */ = {
			isa = PBXTargetDependency;
			target = D86262361F49D4C100B2C7CC /* ImageTest */;
			targetProxy = D86262571F49D4C100B2C7CC /* PBXContainerItemProxy */;
		};
/* End PBXTargetDependency section */

/* Begin PBXVariantGroup section */
		D862623E1F49D4C100B2C7CC /* Main.storyboard */ = {
			isa = PBXVariantGroup;
			children = (
				D862623F1F49D4C100B2C7CC /* Base */,
			);
			name = Main.storyboard;
			sourceTree = "<group>";
		};
		D86262431F49D4C100B2C7CC /* LaunchScreen.storyboard */ = {
			isa = PBXVariantGroup;
			children = (
				D86262441F49D4C100B2C7CC /* Base */,
			);
			name = LaunchScreen.storyboard;
			sourceTree = "<group>";
		};
/* End PBXVariantGroup section */

/* Begin XCBuildConfiguration section */
		D862625D1F49D4C100B2C7CC /* Debug */ = {
			isa = XCBuildConfiguration;
			buildSettings = {
				ALWAYS_SEARCH_USER_PATHS = NO;
				CLANG_ANALYZER_NONNULL = YES;
				CLANG_CXX_LANGUAGE_STANDARD = "gnu++0x";
				CLANG_CXX_LIBRARY = "libc++";
				CLANG_ENABLE_MODULES = YES;
				CLANG_ENABLE_OBJC_ARC = YES;
				CLANG_WARN_BOOL_CONVERSION = YES;
				CLANG_WARN_CONSTANT_CONVERSION = YES;
				CLANG_WARN_DIRECT_OBJC_ISA_USAGE = YES_ERROR;
				CLANG_WARN_DOCUMENTATION_COMMENTS = YES;
				CLANG_WARN_EMPTY_BODY = YES;
				CLANG_WARN_ENUM_CONVERSION = YES;
				CLANG_WARN_INFINITE_RECURSION = YES;
				CLANG_WARN_INT_CONVERSION = YES;
				CLANG_WARN_OBJC_ROOT_CLASS = YES_ERROR;
				CLANG_WARN_SUSPICIOUS_MOVES = YES;
				CLANG_WARN_UNREACHABLE_CODE = YES;
				CLANG_WARN__DUPLICATE_METHOD_MATCH = YES;
				"CODE_SIGN_IDENTITY[sdk=iphoneos*]" = "iPhone Developer";
				COPY_PHASE_STRIP = NO;
				DEBUG_INFORMATION_FORMAT = dwarf;
				ENABLE_STRICT_OBJC_MSGSEND = YES;
				ENABLE_TESTABILITY = YES;
				GCC_C_LANGUAGE_STANDARD = gnu99;
				GCC_DYNAMIC_NO_PIC = NO;
				GCC_NO_COMMON_BLOCKS = YES;
				GCC_OPTIMIZATION_LEVEL = 0;
				GCC_PREPROCESSOR_DEFINITIONS = (
					"DEBUG=1",
					"$(inherited)",
				);
				GCC_WARN_64_TO_32_BIT_CONVERSION = YES;
				GCC_WARN_ABOUT_RETURN_TYPE = YES_ERROR;
				GCC_WARN_UNDECLARED_SELECTOR = YES;
				GCC_WARN_UNINITIALIZED_AUTOS = YES_AGGRESSIVE;
				GCC_WARN_UNUSED_FUNCTION = YES;
				GCC_WARN_UNUSED_VARIABLE = YES;
				IPHONEOS_DEPLOYMENT_TARGET = 10.1;
				MTL_ENABLE_DEBUG_INFO = YES;
				ONLY_ACTIVE_ARCH = YES;
				SDKROOT = iphoneos;
				SWIFT_ACTIVE_COMPILATION_CONDITIONS = DEBUG;
				SWIFT_OPTIMIZATION_LEVEL = "-Onone";
				TARGETED_DEVICE_FAMILY = "1,2";
			};
			name = Debug;
		};
		D862625E1F49D4C100B2C7CC /* Release */ = {
			isa = XCBuildConfiguration;
			buildSettings = {
				ALWAYS_SEARCH_USER_PATHS = NO;
				CLANG_ANALYZER_NONNULL = YES;
				CLANG_CXX_LANGUAGE_STANDARD = "gnu++0x";
				CLANG_CXX_LIBRARY = "libc++";
				CLANG_ENABLE_MODULES = YES;
				CLANG_ENABLE_OBJC_ARC = YES;
				CLANG_WARN_BOOL_CONVERSION = YES;
				CLANG_WARN_CONSTANT_CONVERSION = YES;
				CLANG_WARN_DIRECT_OBJC_ISA_USAGE = YES_ERROR;
				CLANG_WARN_DOCUMENTATION_COMMENTS = YES;
				CLANG_WARN_EMPTY_BODY = YES;
				CLANG_WARN_ENUM_CONVERSION = YES;
				CLANG_WARN_INFINITE_RECURSION = YES;
				CLANG_WARN_INT_CONVERSION = YES;
				CLANG_WARN_OBJC_ROOT_CLASS = YES_ERROR;
				CLANG_WARN_SUSPICIOUS_MOVES = YES;
				CLANG_WARN_UNREACHABLE_CODE = YES;
				CLANG_WARN__DUPLICATE_METHOD_MATCH = YES;
				"CODE_SIGN_IDENTITY[sdk=iphoneos*]" = "iPhone Developer";
				COPY_PHASE_STRIP = NO;
				DEBUG_INFORMATION_FORMAT = "dwarf-with-dsym";
				ENABLE_NS_ASSERTIONS = NO;
				ENABLE_STRICT_OBJC_MSGSEND = YES;
				GCC_C_LANGUAGE_STANDARD = gnu99;
				GCC_NO_COMMON_BLOCKS = YES;
				GCC_WARN_64_TO_32_BIT_CONVERSION = YES;
				GCC_WARN_ABOUT_RETURN_TYPE = YES_ERROR;
				GCC_WARN_UNDECLARED_SELECTOR = YES;
				GCC_WARN_UNINITIALIZED_AUTOS = YES_AGGRESSIVE;
				GCC_WARN_UNUSED_FUNCTION = YES;
				GCC_WARN_UNUSED_VARIABLE = YES;
				IPHONEOS_DEPLOYMENT_TARGET = 10.1;
				MTL_ENABLE_DEBUG_INFO = NO;
				SDKROOT = iphoneos;
				SWIFT_OPTIMIZATION_LEVEL = "-Owholemodule";
				TARGETED_DEVICE_FAMILY = "1,2";
				VALIDATE_PRODUCT = YES;
			};
			name = Release;
		};
		D86262601F49D4C100B2C7CC /* Debug */ = {
			isa = XCBuildConfiguration;
			buildSettings = {
				ASSETCATALOG_COMPILER_APPICON_NAME = AppIcon;
				INFOPLIST_FILE = ImageTest/Info.plist;
				LD_RUNPATH_SEARCH_PATHS = "$(inherited) @executable_path/Frameworks";
				PRODUCT_BUNDLE_IDENTIFIER = "Yiyi-Liu.ImageTest";
				PRODUCT_NAME = "$(TARGET_NAME)";
				SWIFT_VERSION = 3.0;
			};
			name = Debug;
		};
		D86262611F49D4C100B2C7CC /* Release */ = {
			isa = XCBuildConfiguration;
			buildSettings = {
				ASSETCATALOG_COMPILER_APPICON_NAME = AppIcon;
				INFOPLIST_FILE = ImageTest/Info.plist;
				LD_RUNPATH_SEARCH_PATHS = "$(inherited) @executable_path/Frameworks";
				PRODUCT_BUNDLE_IDENTIFIER = "Yiyi-Liu.ImageTest";
				PRODUCT_NAME = "$(TARGET_NAME)";
				SWIFT_VERSION = 3.0;
			};
			name = Release;
		};
		D86262631F49D4C100B2C7CC /* Debug */ = {
			isa = XCBuildConfiguration;
			buildSettings = {
				ALWAYS_EMBED_SWIFT_STANDARD_LIBRARIES = YES;
				BUNDLE_LOADER = "$(TEST_HOST)";
				INFOPLIST_FILE = ImageTestTests/Info.plist;
				LD_RUNPATH_SEARCH_PATHS = "$(inherited) @executable_path/Frameworks @loader_path/Frameworks";
				PRODUCT_BUNDLE_IDENTIFIER = "Yiyi-Liu.ImageTestTests";
				PRODUCT_NAME = "$(TARGET_NAME)";
				SWIFT_VERSION = 3.0;
				TEST_HOST = "$(BUILT_PRODUCTS_DIR)/ImageTest.app/ImageTest";
			};
			name = Debug;
		};
		D86262641F49D4C100B2C7CC /* Release */ = {
			isa = XCBuildConfiguration;
			buildSettings = {
				ALWAYS_EMBED_SWIFT_STANDARD_LIBRARIES = YES;
				BUNDLE_LOADER = "$(TEST_HOST)";
				INFOPLIST_FILE = ImageTestTests/Info.plist;
				LD_RUNPATH_SEARCH_PATHS = "$(inherited) @executable_path/Frameworks @loader_path/Frameworks";
				PRODUCT_BUNDLE_IDENTIFIER = "Yiyi-Liu.ImageTestTests";
				PRODUCT_NAME = "$(TARGET_NAME)";
				SWIFT_VERSION = 3.0;
				TEST_HOST = "$(BUILT_PRODUCTS_DIR)/ImageTest.app/ImageTest";
			};
			name = Release;
		};
		D86262661F49D4C100B2C7CC /* Debug */ = {
			isa = XCBuildConfiguration;
			buildSettings = {
				ALWAYS_EMBED_SWIFT_STANDARD_LIBRARIES = YES;
				INFOPLIST_FILE = ImageTestUITests/Info.plist;
				LD_RUNPATH_SEARCH_PATHS = "$(inherited) @executable_path/Frameworks @loader_path/Frameworks";
				PRODUCT_BUNDLE_IDENTIFIER = "Yiyi-Liu.ImageTestUITests";
				PRODUCT_NAME = "$(TARGET_NAME)";
				SWIFT_VERSION = 3.0;
				TEST_TARGET_NAME = ImageTest;
			};
			name = Debug;
		};
		D86262671F49D4C100B2C7CC /* Release */ = {
			isa = XCBuildConfiguration;
			buildSettings = {
				ALWAYS_EMBED_SWIFT_STANDARD_LIBRARIES = YES;
				INFOPLIST_FILE = ImageTestUITests/Info.plist;
				LD_RUNPATH_SEARCH_PATHS = "$(inherited) @executable_path/Frameworks @loader_path/Frameworks";
				PRODUCT_BUNDLE_IDENTIFIER = "Yiyi-Liu.ImageTestUITests";
				PRODUCT_NAME = "$(TARGET_NAME)";
				SWIFT_VERSION = 3.0;
				TEST_TARGET_NAME = ImageTest;
			};
			name = Release;
		};
/* End XCBuildConfiguration section */

/* Begin XCConfigurationList section */
		D86262321F49D4C100B2C7CC /* Build configuration list for PBXProject "ImageTest" */ = {
			isa = XCConfigurationList;
			buildConfigurations = (
				D862625D1F49D4C100B2C7CC /* Debug */,
				D862625E1F49D4C100B2C7CC /* Release */,
			);
			defaultConfigurationIsVisible = 0;
			defaultConfigurationName = Release;
		};
		D862625F1F49D4C100B2C7CC /* Build configuration list for PBXNativeTarget "ImageTest" */ = {
			isa = XCConfigurationList;
			buildConfigurations = (
				D86262601F49D4C100B2C7CC /* Debug */,
				D86262611F49D4C100B2C7CC /* Release */,
			);
			defaultConfigurationIsVisible = 0;
			defaultConfigurationName = Release;
		};
		D86262621F49D4C100B2C7CC /* Build configuration list for PBXNativeTarget "ImageTestTests" */ = {
			isa = XCConfigurationList;
			buildConfigurations = (
				D86262631F49D4C100B2C7CC /* Debug */,
				D86262641F49D4C100B2C7CC /* Release */,
			);
			defaultConfigurationIsVisible = 0;
			defaultConfigurationName = Release;
		};
		D86262651F49D4C100B2C7CC /* Build configuration list for PBXNativeTarget "ImageTestUITests" */ = {
			isa = XCConfigurationList;
			buildConfigurations = (
				D86262661F49D4C100B2C7CC /* Debug */,
				D86262671F49D4C100B2C7CC /* Release */,
			);
			defaultConfigurationIsVisible = 0;
			defaultConfigurationName = Release;
		};
/* End XCConfigurationList section */
	};
	rootObject = D862622F1F49D4C100B2C7CC /* Project object */;
}
